
Microsoft Visual Studio Solution File, Format Version 12.00
# Visual Studio 2012
Project("{D954291E-2A0B-460D-934E-DC6B0785DB48}") = "LoginNavigationSample", "LoginNavigationSample\LoginNavigationSample.shproj", "{D739E4B8-E64D-4C03-A02F-B49FE72A6588}"
EndProject
Project("{FAE04EC0-301F-11D3-BF4B-00C04F79EFBC}") = "LoginNavigationSample.iOS", "iOS\LoginNavigationSample.iOS.csproj", "{AD3E1C27-2974-4BE5-BBD6-6D9F1BD7110C}"
EndProject
Project("{FAE04EC0-301F-11D3-BF4B-00C04F79EFBC}") = "LoginNavigationSample.Droid", "Droid\LoginNavigationSample.Droid.csproj", "{E715CEC9-65CF-49E7-8B67-998E722A20B8}"
EndProject
Global
	GlobalSection(SolutionConfigurationPlatforms) = preSolution
		Debug|iPhoneSimulator = Debug|iPhoneSimulator
		Release|iPhone = Release|iPhone
		Release|iPhoneSimulator = Release|iPhoneSimulator
		Debug|iPhone = Debug|iPhone
		Debug|Any CPU = Debug|Any CPU
		Release|Any CPU = Release|Any CPU
	EndGlobalSection
	GlobalSection(ProjectConfigurationPlatforms) = postSolution
		{AD3E1C27-2974-4BE5-BBD6-6D9F1BD7110C}.Debug|iPhoneSimulator.ActiveCfg = Debug|iPhoneSimulator
		{AD3E1C27-2974-4BE5-BBD6-6D9F1BD7110C}.Debug|iPhoneSimulator.Build.0 = Debug|iPhoneSimulator
		{AD3E1C27-2974-4BE5-BBD6-6D9F1BD7110C}.Release|iPhone.ActiveCfg = Release|iPhone
		{AD3E1C27-2974-4BE5-BBD6-6D9F1BD7110C}.Release|iPhone.Build.0 = Release|iPhone
		{AD3E1C27-2974-4BE5-BBD6-6D9F1BD7110C}.Release|iPhoneSimulator.ActiveCfg = Release|iPhoneSimulator
		{AD3E1C27-2974-4BE5-BBD6-6D9F1BD7110C}.Release|iPhoneSimulator.Build.0 = Release|iPhoneSimulator
		{AD3E1C27-2974-4BE5-BBD6-6D9F1BD7110C}.Debug|iPhone.ActiveCfg = Debug|iPhone
		{AD3E1C27-2974-4BE5-BBD6-6D9F1BD7110C}.Debug|iPhone.Build.0 = Debug|iPhone
		{AD3E1C27-2974-4BE5-BBD6-6D9F1BD7110C}.Debug|Any CPU.ActiveCfg = Debug|iPhoneSimulator
		{AD3E1C27-2974-4BE5-BBD6-6D9F1BD7110C}.Debug|Any CPU.Build.0 = Debug|iPhoneSimulator
		{AD3E1C27-2974-4BE5-BBD6-6D9F1BD7110C}.Release|Any CPU.ActiveCfg = Release|iPhone
		{AD3E1C27-2974-4BE5-BBD6-6D9F1BD7110C}.Release|Any CPU.Build.0 = Release|iPhone
		{E715CEC9-65CF-49E7-8B67-998E722A20B8}.Debug|iPhoneSimulator.ActiveCfg = Debug|Any CPU
		{E715CEC9-65CF-49E7-8B67-998E722A20B8}.Debug|iPhoneSimulator.Build.0 = Debug|Any CPU
		{E715CEC9-65CF-49E7-8B67-998E722A20B8}.Release|iPhone.ActiveCfg = Release|Any CPU
		{E715CEC9-65CF-49E7-8B67-998E722A20B8}.Release|iPhone.Build.0 = Release|Any CPU
		{E715CEC9-65CF-49E7-8B67-998E722A20B8}.Release|iPhoneSimulator.ActiveCfg = Release|Any CPU
		{E715CEC9-65CF-49E7-8B67-998E722A20B8}.Release|iPhoneSimulator.Build.0 = Release|Any CPU
		{E715CEC9-65CF-49E7-8B67-998E722A20B8}.Debug|iPhone.ActiveCfg = Debug|Any CPU
		{E715CEC9-65CF-49E7-8B67-998E722A20B8}.Debug|iPhone.Build.0 = Debug|Any CPU
		{E715CEC9-65CF-49E7-8B67-998E722A20B8}.Debug|Any CPU.ActiveCfg = Debug|Any CPU
		{E715CEC9-65CF-49E7-8B67-998E722A20B8}.Debug|Any CPU.Build.0 = Debug|Any CPU
		{E715CEC9-65CF-49E7-8B67-998E722A20B8}.Release|Any CPU.ActiveCfg = Release|Any CPU
		{E715CEC9-65CF-49E7-8B67-998E722A20B8}.Release|Any CPU.Build.0 = Release|Any CPU
	EndGlobalSection
EndGlobal
